
Microsoft Visual Studio Solution File, Format Version 12.00
# Visual Studio Version 16
VisualStudioVersion = 16.0.29509.3
MinimumVisualStudioVersion = 10.0.40219.1
Project("{FAE04EC0-301F-11D3-BF4B-00C04F79EFBC}") = "console", "console\console.csproj", "{A88B1E43-3DD9-4A99-A258-A83052E21F59}"
EndProject
Global
	GlobalSection(SolutionConfigurationPlatforms) = preSolution
		Debug|Any CPU = Debug|Any CPU
		Release|Any CPU = Release|Any CPU
	EndGlobalSection
	GlobalSection(ProjectConfigurationPlatforms) = postSolution
		{A88B1E43-3DD9-4A99-A258-A83052E21F59}.Debug|Any CPU.ActiveCfg = Debug|Any CPU
		{A88B1E43-3DD9-4A99-A258-A83052E21F59}.Debug|Any CPU.Build.0 = Debug|Any CPU
		{A88B1E43-3DD9-4A99-A258-A83052E21F59}.Release|Any CPU.ActiveCfg = Release|Any CPU
		{A88B1E43-3DD9-4A99-A258-A83052E21F59}.Release|Any CPU.Build.0 = Release|Any CPU
	EndGlobalSection
	GlobalSection(SolutionProperties) = preSolution
		HideSolutionNode = FALSE
	EndGlobalSection
	GlobalSection(ExtensibilityGlobals) = postSolution
		SolutionGuid = {5D5F7DA5-B8E8-47A5-B653-0EAE8D27F7D4}
	EndGlobalSection
EndGlobal
